
Microsoft Visual Studio Solution File, Format Version 12.00
# Visual Studio Version 17
VisualStudioVersion = 17.3.32901.215
MinimumVisualStudioVersion = 10.0.40219.1
Project("{FAE04EC0-301F-11D3-BF4B-00C04F79EFBC}") = "aseassignment", "aseassignment\aseassignment.csproj", "{F3151C16-4496-44B1-B47D-2D4F7A1799C1}"
EndProject
Global
	GlobalSection(SolutionConfigurationPlatforms) = preSolution
		Debug|Any CPU = Debug|Any CPU
		Release|Any CPU = Release|Any CPU
	EndGlobalSection
	GlobalSection(ProjectConfigurationPlatforms) = postSolution
		{F3151C16-4496-44B1-B47D-2D4F7A1799C1}.Debug|Any CPU.ActiveCfg = Debug|Any CPU
		{F3151C16-4496-44B1-B47D-2D4F7A1799C1}.Debug|Any CPU.Build.0 = Debug|Any CPU
		{F3151C16-4496-44B1-B47D-2D4F7A1799C1}.Release|Any CPU.ActiveCfg = Release|Any CPU
		{F3151C16-4496-44B1-B47D-2D4F7A1799C1}.Release|Any CPU.Build.0 = Release|Any CPU
	EndGlobalSection
	GlobalSection(SolutionProperties) = preSolution
		HideSolutionNode = FALSE
	EndGlobalSection
	GlobalSection(ExtensibilityGlobals) = postSolution
		SolutionGuid = {DC616B7F-4D4A-4B33-89E1-B6509AE7BD24}
	EndGlobalSection
EndGlobal
